
Microsoft Visual Studio Solution File, Format Version 12.00
# Visual Studio 14
VisualStudioVersion = 14.0.23107.0
MinimumVisualStudioVersion = 10.0.40219.1
Project("{E24C65DC-7377-472B-9ABA-BC803B73C61A}") = "WebDev", "http://localhost:62518", "{005243EF-A8C1-4687-83C6-F78D6072A5EF}"
	ProjectSection(WebsiteProperties) = preProject
		UseIISExpress = "true"
		TargetFrameworkMoniker = ".NETFramework,Version%3Dv4.0"
		Debug.AspNetCompiler.VirtualPath = "/localhost_62518"
		Debug.AspNetCompiler.PhysicalPath = "..\WebDev\"
		Debug.AspNetCompiler.TargetPath = "PrecompiledWeb\localhost_62518\"
		Debug.AspNetCompiler.Updateable = "true"
		Debug.AspNetCompiler.ForceOverwrite = "true"
		Debug.AspNetCompiler.FixedNames = "false"
		Debug.AspNetCompiler.Debug = "True"
		Release.AspNetCompiler.VirtualPath = "/localhost_62518"
		Release.AspNetCompiler.PhysicalPath = "..\WebDev\"
		Release.AspNetCompiler.TargetPath = "PrecompiledWeb\localhost_62518\"
		Release.AspNetCompiler.Updateable = "true"
		Release.AspNetCompiler.ForceOverwrite = "true"
		Release.AspNetCompiler.FixedNames = "false"
		Release.AspNetCompiler.Debug = "False"
		SlnRelativePath = "..\WebDev\"
	EndProjectSection
EndProject
Project("{9092AA53-FB77-4645-B42D-1CCCA6BD08BD}") = "GreenHouseWeb", "..\GreenHouseWeb\GreenHouseWeb\GreenHouseWeb.njsproj", "{D603F15E-3DDD-4799-A896-E71C63368ABC}"
EndProject
Global
	GlobalSection(SolutionConfigurationPlatforms) = preSolution
		Debug|Any CPU = Debug|Any CPU
		Release|Any CPU = Release|Any CPU
	EndGlobalSection
	GlobalSection(ProjectConfigurationPlatforms) = postSolution
		{005243EF-A8C1-4687-83C6-F78D6072A5EF}.Debug|Any CPU.ActiveCfg = Debug|Any CPU
		{005243EF-A8C1-4687-83C6-F78D6072A5EF}.Debug|Any CPU.Build.0 = Debug|Any CPU
		{005243EF-A8C1-4687-83C6-F78D6072A5EF}.Release|Any CPU.ActiveCfg = Debug|Any CPU
		{005243EF-A8C1-4687-83C6-F78D6072A5EF}.Release|Any CPU.Build.0 = Debug|Any CPU
		{D603F15E-3DDD-4799-A896-E71C63368ABC}.Debug|Any CPU.ActiveCfg = Debug|Any CPU
		{D603F15E-3DDD-4799-A896-E71C63368ABC}.Debug|Any CPU.Build.0 = Debug|Any CPU
		{D603F15E-3DDD-4799-A896-E71C63368ABC}.Release|Any CPU.ActiveCfg = Release|Any CPU
		{D603F15E-3DDD-4799-A896-E71C63368ABC}.Release|Any CPU.Build.0 = Release|Any CPU
	EndGlobalSection
	GlobalSection(SolutionProperties) = preSolution
		HideSolutionNode = FALSE
	EndGlobalSection
EndGlobal
